// !$*UTF8*$!
{
	archiveVersion = 1;
	classes = {
	};
	objectVersion = 51;
	objects = {

/* Begin PBXBuildFile section */
		3303CD672654985300BBA192 /* HomeViewController.swift in Sources */ = {isa = PBXBuildFile; fileRef = 3303CD662654985300BBA192 /* HomeViewController.swift */; };
		336125F526042BFB007FC2CB /* AppDelegate.swift in Sources */ = {isa = PBXBuildFile; fileRef = 336125F426042BFB007FC2CB /* AppDelegate.swift */; };
		336125F726042BFB007FC2CB /* SceneDelegate.swift in Sources */ = {isa = PBXBuildFile; fileRef = 336125F626042BFB007FC2CB /* SceneDelegate.swift */; };
		336125F926042BFB007FC2CB /* SegmentedControlViewController.swift in Sources */ = {isa = PBXBuildFile; fileRef = 336125F826042BFB007FC2CB /* SegmentedControlViewController.swift */; };
		336125FE26042BFC007FC2CB /* Assets.xcassets in Resources */ = {isa = PBXBuildFile; fileRef = 336125FD26042BFC007FC2CB /* Assets.xcassets */; };
		3361260126042BFC007FC2CB /* LaunchScreen.storyboard in Resources */ = {isa = PBXBuildFile; fileRef = 336125FF26042BFC007FC2CB /* LaunchScreen.storyboard */; };
		337D2DF92632588A0033D12C /* ProfileView.swift in Sources */ = {isa = PBXBuildFile; fileRef = 337D2DF82632588A0033D12C /* ProfileView.swift */; };
		33C9783F2633AEE700A89026 /* ProfileInfoTableViewCell.swift in Sources */ = {isa = PBXBuildFile; fileRef = 33C9783E2633AEE700A89026 /* ProfileInfoTableViewCell.swift */; };
		33F2D4672644D17D00BC396D /* SegmentedControlViewController.swift in Sources */ = {isa = PBXBuildFile; fileRef = 33F2D45C2644D17D00BC396D /* SegmentedControlViewController.swift */; };
		33F2D4682644D17D00BC396D /* ProfileInfoTableViewCell.swift in Sources */ = {isa = PBXBuildFile; fileRef = 33F2D45D2644D17D00BC396D /* ProfileInfoTableViewCell.swift */; };
		33F2D4692644D17D00BC396D /* ProfileView.swift in Sources */ = {isa = PBXBuildFile; fileRef = 33F2D45E2644D17D00BC396D /* ProfileView.swift */; };
		33F2D46A2644D17D00BC396D /* Assets.xcassets in Resources */ = {isa = PBXBuildFile; fileRef = 33F2D45F2644D17D00BC396D /* Assets.xcassets */; };
		33F2D46B2644D17D00BC396D /* LaunchScreen.storyboard in Resources */ = {isa = PBXBuildFile; fileRef = 33F2D4602644D17D00BC396D /* LaunchScreen.storyboard */; };
		33F2D46C2644D17D00BC396D /* Main.storyboard in Resources */ = {isa = PBXBuildFile; fileRef = 33F2D4622644D17D00BC396D /* Main.storyboard */; };
		33F2D46D2644D17D00BC396D /* AppDelegate.swift in Sources */ = {isa = PBXBuildFile; fileRef = 33F2D4642644D17D00BC396D /* AppDelegate.swift */; };
		33F2D46F2644D17D00BC396D /* SceneDelegate.swift in Sources */ = {isa = PBXBuildFile; fileRef = 33F2D4662644D17D00BC396D /* SceneDelegate.swift */; };
		F24FB4BCE8E43BA77D4A3DE1 /* Pods_PureLayoutPlayground.framework in Frameworks */ = {isa = PBXBuildFile; fileRef = 375945C0508E768A9B793A11 /* Pods_PureLayoutPlayground.framework */; };
/* End PBXBuildFile section */

/* Begin PBXFileReference section */
		2606E2F650466B5EFF4AFC73 /* Pods-PureLayoutPlayground.release.xcconfig */ = {isa = PBXFileReference; includeInIndex = 1; lastKnownFileType = text.xcconfig; name = "Pods-PureLayoutPlayground.release.xcconfig"; path = "Target Support Files/Pods-PureLayoutPlayground/Pods-PureLayoutPlayground.release.xcconfig"; sourceTree = "<group>"; };
		3303CD662654985300BBA192 /* HomeViewController.swift */ = {isa = PBXFileReference; lastKnownFileType = sourcecode.swift; path = HomeViewController.swift; sourceTree = "<group>"; };
		336125F126042BFB007FC2CB /* PureLayoutPlayground.app */ = {isa = PBXFileReference; explicitFileType = wrapper.application; includeInIndex = 0; path = PureLayoutPlayground.app; sourceTree = BUILT_PRODUCTS_DIR; };
		336125F426042BFB007FC2CB /* AppDelegate.swift */ = {isa = PBXFileReference; lastKnownFileType = sourcecode.swift; path = AppDelegate.swift; sourceTree = "<group>"; };
		336125F626042BFB007FC2CB /* SceneDelegate.swift */ = {isa = PBXFileReference; lastKnownFileType = sourcecode.swift; path = SceneDelegate.swift; sourceTree = "<group>"; };
		336125F826042BFB007FC2CB /* SegmentedControlViewController.swift */ = {isa = PBXFileReference; lastKnownFileType = sourcecode.swift; path = SegmentedControlViewController.swift; sourceTree = "<group>"; };
		336125FD26042BFC007FC2CB /* Assets.xcassets */ = {isa = PBXFileReference; lastKnownFileType = folder.assetcatalog; path = Assets.xcassets; sourceTree = "<group>"; };
		3361260026042BFC007FC2CB /* Base */ = {isa = PBXFileReference; lastKnownFileType = file.storyboard; name = Base; path = Base.lproj/LaunchScreen.storyboard; sourceTree = "<group>"; };
		3361260226042BFC007FC2CB /* Info.plist */ = {isa = PBXFileReference; lastKnownFileType = text.plist.xml; path = Info.plist; sourceTree = "<group>"; };
		337D2DF82632588A0033D12C /* ProfileView.swift */ = {isa = PBXFileReference; lastKnownFileType = sourcecode.swift; path = ProfileView.swift; sourceTree = "<group>"; };
		33C9783E2633AEE700A89026 /* ProfileInfoTableViewCell.swift */ = {isa = PBXFileReference; lastKnownFileType = sourcecode.swift; path = ProfileInfoTableViewCell.swift; sourceTree = "<group>"; };
		33F2D45C2644D17D00BC396D /* SegmentedControlViewController.swift */ = {isa = PBXFileReference; fileEncoding = 4; lastKnownFileType = sourcecode.swift; path = SegmentedControlViewController.swift; sourceTree = "<group>"; };
		33F2D45D2644D17D00BC396D /* ProfileInfoTableViewCell.swift */ = {isa = PBXFileReference; fileEncoding = 4; lastKnownFileType = sourcecode.swift; path = ProfileInfoTableViewCell.swift; sourceTree = "<group>"; };
		33F2D45E2644D17D00BC396D /* ProfileView.swift */ = {isa = PBXFileReference; fileEncoding = 4; lastKnownFileType = sourcecode.swift; path = ProfileView.swift; sourceTree = "<group>"; };
		33F2D45F2644D17D00BC396D /* Assets.xcassets */ = {isa = PBXFileReference; lastKnownFileType = folder.assetcatalog; path = Assets.xcassets; sourceTree = "<group>"; };
		33F2D4612644D17D00BC396D /* Base */ = {isa = PBXFileReference; lastKnownFileType = file.storyboard; name = Base; path = Base.lproj/LaunchScreen.storyboard; sourceTree = "<group>"; };
		33F2D4632644D17D00BC396D /* Base */ = {isa = PBXFileReference; lastKnownFileType = file.storyboard; name = Base; path = Base.lproj/Main.storyboard; sourceTree = "<group>"; };
		33F2D4642644D17D00BC396D /* AppDelegate.swift */ = {isa = PBXFileReference; fileEncoding = 4; lastKnownFileType = sourcecode.swift; path = AppDelegate.swift; sourceTree = "<group>"; };
		33F2D4652644D17D00BC396D /* Info.plist */ = {isa = PBXFileReference; fileEncoding = 4; lastKnownFileType = text.plist.xml; path = Info.plist; sourceTree = "<group>"; };
		33F2D4662644D17D00BC396D /* SceneDelegate.swift */ = {isa = PBXFileReference; fileEncoding = 4; lastKnownFileType = sourcecode.swift; path = SceneDelegate.swift; sourceTree = "<group>"; };
		375945C0508E768A9B793A11 /* Pods_PureLayoutPlayground.framework */ = {isa = PBXFileReference; explicitFileType = wrapper.framework; includeInIndex = 0; path = Pods_PureLayoutPlayground.framework; sourceTree = BUILT_PRODUCTS_DIR; };
		A07F2A7D55A5789F7E3D9F90 /* Pods-PureLayoutPlayground.debug.xcconfig */ = {isa = PBXFileReference; includeInIndex = 1; lastKnownFileType = text.xcconfig; name = "Pods-PureLayoutPlayground.debug.xcconfig"; path = "Target Support Files/Pods-PureLayoutPlayground/Pods-PureLayoutPlayground.debug.xcconfig"; sourceTree = "<group>"; };
/* End PBXFileReference section */

/* Begin PBXFrameworksBuildPhase section */
		336125EE26042BFB007FC2CB /* Frameworks */ = {
			isa = PBXFrameworksBuildPhase;
			buildActionMask = 2147483647;
			files = (
				F24FB4BCE8E43BA77D4A3DE1 /* Pods_PureLayoutPlayground.framework in Frameworks */,
			);
			runOnlyForDeploymentPostprocessing = 0;
		};
/* End PBXFrameworksBuildPhase section */

/* Begin PBXGroup section */
		336125E826042BFB007FC2CB = {
			isa = PBXGroup;
			children = (
				336125F326042BFB007FC2CB /* PureLayoutPlayground */,
				336125F226042BFB007FC2CB /* Products */,
				9D19A4D4A01D406F4B5B1C29 /* Pods */,
				7E78A8576E5F5EB95293CD6B /* Frameworks */,
			);
			sourceTree = "<group>";
		};
		336125F226042BFB007FC2CB /* Products */ = {
			isa = PBXGroup;
			children = (
				336125F126042BFB007FC2CB /* PureLayoutPlayground.app */,
			);
			name = Products;
			sourceTree = "<group>";
		};
		336125F326042BFB007FC2CB /* PureLayoutPlayground */ = {
			isa = PBXGroup;
			children = (
				33C9783E2633AEE700A89026 /* ProfileInfoTableViewCell.swift */,
				33F2D45B2644D17D00BC396D /* PureLayoutPlayground */,
				336125F426042BFB007FC2CB /* AppDelegate.swift */,
				336125F626042BFB007FC2CB /* SceneDelegate.swift */,
				336125F826042BFB007FC2CB /* SegmentedControlViewController.swift */,
				336125FD26042BFC007FC2CB /* Assets.xcassets */,
				336125FF26042BFC007FC2CB /* LaunchScreen.storyboard */,
				3361260226042BFC007FC2CB /* Info.plist */,
				337D2DF82632588A0033D12C /* ProfileView.swift */,
				3303CD662654985300BBA192 /* HomeViewController.swift */,
			);
			path = PureLayoutPlayground;
			sourceTree = "<group>";
		};
		33F2D45B2644D17D00BC396D /* PureLayoutPlayground */ = {
			isa = PBXGroup;
			children = (
				33F2D45C2644D17D00BC396D /* SegmentedControlViewController.swift */,
				33F2D45D2644D17D00BC396D /* ProfileInfoTableViewCell.swift */,
				33F2D45E2644D17D00BC396D /* ProfileView.swift */,
				33F2D45F2644D17D00BC396D /* Assets.xcassets */,
				33F2D4602644D17D00BC396D /* LaunchScreen.storyboard */,
				33F2D4622644D17D00BC396D /* Main.storyboard */,
				33F2D4642644D17D00BC396D /* AppDelegate.swift */,
				33F2D4652644D17D00BC396D /* Info.plist */,
				33F2D4662644D17D00BC396D /* SceneDelegate.swift */,
			);
			name = PureLayoutPlayground;
			sourceTree = "<group>";
		};
		7E78A8576E5F5EB95293CD6B /* Frameworks */ = {
			isa = PBXGroup;
			children = (
				375945C0508E768A9B793A11 /* Pods_PureLayoutPlayground.framework */,
			);
			name = Frameworks;
			sourceTree = "<group>";
		};
		9D19A4D4A01D406F4B5B1C29 /* Pods */ = {
			isa = PBXGroup;
			children = (
				A07F2A7D55A5789F7E3D9F90 /* Pods-PureLayoutPlayground.debug.xcconfig */,
				2606E2F650466B5EFF4AFC73 /* Pods-PureLayoutPlayground.release.xcconfig */,
			);
			path = Pods;
			sourceTree = "<group>";
		};
/* End PBXGroup section */

/* Begin PBXNativeTarget section */
		336125F026042BFB007FC2CB /* PureLayoutPlayground */ = {
			isa = PBXNativeTarget;
			buildConfigurationList = 3361260526042BFC007FC2CB /* Build configuration list for PBXNativeTarget "PureLayoutPlayground" */;
			buildPhases = (
				6897BA85F444FF2E1AE07EF0 /* [CP] Check Pods Manifest.lock */,
				336125ED26042BFB007FC2CB /* Sources */,
				336125EE26042BFB007FC2CB /* Frameworks */,
				336125EF26042BFB007FC2CB /* Resources */,
				7F01A3B0A6176FD463044FA1 /* [CP] Embed Pods Frameworks */,
			);
			buildRules = (
			);
			dependencies = (
			);
			name = PureLayoutPlayground;
			productName = PureLayoutPlayground;
			productReference = 336125F126042BFB007FC2CB /* PureLayoutPlayground.app */;
			productType = "com.apple.product-type.application";
		};
/* End PBXNativeTarget section */

/* Begin PBXProject section */
		336125E926042BFB007FC2CB /* Project object */ = {
			isa = PBXProject;
			attributes = {
				LastSwiftUpdateCheck = 1220;
				LastUpgradeCheck = 1220;
				TargetAttributes = {
					336125F026042BFB007FC2CB = {
						CreatedOnToolsVersion = 12.2;
					};
				};
			};
			buildConfigurationList = 336125EC26042BFB007FC2CB /* Build configuration list for PBXProject "PureLayoutPlayground" */;
			compatibilityVersion = "Xcode 9.3";
			developmentRegion = en;
			hasScannedForEncodings = 0;
			knownRegions = (
				en,
				Base,
			);
			mainGroup = 336125E826042BFB007FC2CB;
			productRefGroup = 336125F226042BFB007FC2CB /* Products */;
			projectDirPath = "";
			projectRoot = "";
			targets = (
				336125F026042BFB007FC2CB /* PureLayoutPlayground */,
			);
		};
/* End PBXProject section */

/* Begin PBXResourcesBuildPhase section */
		336125EF26042BFB007FC2CB /* Resources */ = {
			isa = PBXResourcesBuildPhase;
			buildActionMask = 2147483647;
			files = (
				3361260126042BFC007FC2CB /* LaunchScreen.storyboard in Resources */,
				336125FE26042BFC007FC2CB /* Assets.xcassets in Resources */,
				33F2D46A2644D17D00BC396D /* Assets.xcassets in Resources */,
				33F2D46C2644D17D00BC396D /* Main.storyboard in Resources */,
				33F2D46B2644D17D00BC396D /* LaunchScreen.storyboard in Resources */,
			);
			runOnlyForDeploymentPostprocessing = 0;
		};
/* End PBXResourcesBuildPhase section */

/* Begin PBXShellScriptBuildPhase section */
		6897BA85F444FF2E1AE07EF0 /* [CP] Check Pods Manifest.lock */ = {
			isa = PBXShellScriptBuildPhase;
			buildActionMask = 2147483647;
			files = (
			);
			inputFileListPaths = (
			);
			inputPaths = (
				"${PODS_PODFILE_DIR_PATH}/Podfile.lock",
				"${PODS_ROOT}/Manifest.lock",
			);
			name = "[CP] Check Pods Manifest.lock";
			outputFileListPaths = (
			);
			outputPaths = (
				"$(DERIVED_FILE_DIR)/Pods-PureLayoutPlayground-checkManifestLockResult.txt",
			);
			runOnlyForDeploymentPostprocessing = 0;
			shellPath = /bin/sh;
			shellScript = "diff \"${PODS_PODFILE_DIR_PATH}/Podfile.lock\" \"${PODS_ROOT}/Manifest.lock\" > /dev/null\nif [ $? != 0 ] ; then\n    # print error to STDERR\n    echo \"error: The sandbox is not in sync with the Podfile.lock. Run 'pod install' or update your CocoaPods installation.\" >&2\n    exit 1\nfi\n# This output is used by Xcode 'outputs' to avoid re-running this script phase.\necho \"SUCCESS\" > \"${SCRIPT_OUTPUT_FILE_0}\"\n";
			showEnvVarsInLog = 0;
		};
		7F01A3B0A6176FD463044FA1 /* [CP] Embed Pods Frameworks */ = {
			isa = PBXShellScriptBuildPhase;
			buildActionMask = 2147483647;
			files = (
			);
			inputFileListPaths = (
				"${PODS_ROOT}/Target Support Files/Pods-PureLayoutPlayground/Pods-PureLayoutPlayground-frameworks-${CONFIGURATION}-input-files.xcfilelist",
			);
			name = "[CP] Embed Pods Frameworks";
			outputFileListPaths = (
				"${PODS_ROOT}/Target Support Files/Pods-PureLayoutPlayground/Pods-PureLayoutPlayground-frameworks-${CONFIGURATION}-output-files.xcfilelist",
			);
			runOnlyForDeploymentPostprocessing = 0;
			shellPath = /bin/sh;
			shellScript = "\"${PODS_ROOT}/Target Support Files/Pods-PureLayoutPlayground/Pods-PureLayoutPlayground-frameworks.sh\"\n";
			showEnvVarsInLog = 0;
		};
/* End PBXShellScriptBuildPhase section */

/* Begin PBXSourcesBuildPhase section */
		336125ED26042BFB007FC2CB /* Sources */ = {
			isa = PBXSourcesBuildPhase;
			buildActionMask = 2147483647;
			files = (
				33F2D4692644D17D00BC396D /* ProfileView.swift in Sources */,
				33F2D4682644D17D00BC396D /* ProfileInfoTableViewCell.swift in Sources */,
				33F2D4672644D17D00BC396D /* SegmentedControlViewController.swift in Sources */,
				33F2D46D2644D17D00BC396D /* AppDelegate.swift in Sources */,
				337D2DF92632588A0033D12C /* ProfileView.swift in Sources */,
				33F2D46F2644D17D00BC396D /* SceneDelegate.swift in Sources */,
				336125F926042BFB007FC2CB /* SegmentedControlViewController.swift in Sources */,
				3303CD672654985300BBA192 /* HomeViewController.swift in Sources */,
				336125F526042BFB007FC2CB /* AppDelegate.swift in Sources */,
				336125F726042BFB007FC2CB /* SceneDelegate.swift in Sources */,
				33C9783F2633AEE700A89026 /* ProfileInfoTableViewCell.swift in Sources */,
			);
			runOnlyForDeploymentPostprocessing = 0;
		};
/* End PBXSourcesBuildPhase section */

/* Begin PBXVariantGroup section */
		336125FF26042BFC007FC2CB /* LaunchScreen.storyboard */ = {
			isa = PBXVariantGroup;
			children = (
				3361260026042BFC007FC2CB /* Base */,
			);
			name = LaunchScreen.storyboard;
			sourceTree = "<group>";
		};
		33F2D4602644D17D00BC396D /* LaunchScreen.storyboard */ = {
			isa = PBXVariantGroup;
			children = (
				33F2D4612644D17D00BC396D /* Base */,
			);
			name = LaunchScreen.storyboard;
			sourceTree = "<group>";
		};
		33F2D4622644D17D00BC396D /* Main.storyboard */ = {
			isa = PBXVariantGroup;
			children = (
				33F2D4632644D17D00BC396D /* Base */,
			);
			name = Main.storyboard;
			sourceTree = "<group>";
		};
/* End PBXVariantGroup section */

/* Begin XCBuildConfiguration section */
		3361260326042BFC007FC2CB /* Debug */ = {
			isa = XCBuildConfiguration;
			buildSettings = {
				ALWAYS_SEARCH_USER_PATHS = NO;
				CLANG_ANALYZER_NONNULL = YES;
				CLANG_ANALYZER_NUMBER_OBJECT_CONVERSION = YES_AGGRESSIVE;
				CLANG_CXX_LANGUAGE_STANDARD = "gnu++14";
				CLANG_CXX_LIBRARY = "libc++";
				CLANG_ENABLE_MODULES = YES;
				CLANG_ENABLE_OBJC_ARC = YES;
				CLANG_ENABLE_OBJC_WEAK = YES;
				CLANG_WARN_BLOCK_CAPTURE_AUTORELEASING = YES;
				CLANG_WARN_BOOL_CONVERSION = YES;
				CLANG_WARN_COMMA = YES;
				CLANG_WARN_CONSTANT_CONVERSION = YES;
				CLANG_WARN_DEPRECATED_OBJC_IMPLEMENTATIONS = YES;
				CLANG_WARN_DIRECT_OBJC_ISA_USAGE = YES_ERROR;
				CLANG_WARN_DOCUMENTATION_COMMENTS = YES;
				CLANG_WARN_EMPTY_BODY = YES;
				CLANG_WARN_ENUM_CONVERSION = YES;
				CLANG_WARN_INFINITE_RECURSION = YES;
				CLANG_WARN_INT_CONVERSION = YES;
				CLANG_WARN_NON_LITERAL_NULL_CONVERSION = YES;
				CLANG_WARN_OBJC_IMPLICIT_RETAIN_SELF = YES;
				CLANG_WARN_OBJC_LITERAL_CONVERSION = YES;
				CLANG_WARN_OBJC_ROOT_CLASS = YES_ERROR;
				CLANG_WARN_QUOTED_INCLUDE_IN_FRAMEWORK_HEADER = YES;
				CLANG_WARN_RANGE_LOOP_ANALYSIS = YES;
				CLANG_WARN_STRICT_PROTOTYPES = YES;
				CLANG_WARN_SUSPICIOUS_MOVE = YES;
				CLANG_WARN_UNGUARDED_AVAILABILITY = YES_AGGRESSIVE;
				CLANG_WARN_UNREACHABLE_CODE = YES;
				CLANG_WARN__DUPLICATE_METHOD_MATCH = YES;
				COPY_PHASE_STRIP = NO;
				DEBUG_INFORMATION_FORMAT = dwarf;
				ENABLE_STRICT_OBJC_MSGSEND = YES;
				ENABLE_TESTABILITY = YES;
				GCC_C_LANGUAGE_STANDARD = gnu11;
				GCC_DYNAMIC_NO_PIC = NO;
				GCC_NO_COMMON_BLOCKS = YES;
				GCC_OPTIMIZATION_LEVEL = 0;
				GCC_PREPROCESSOR_DEFINITIONS = (
					"DEBUG=1",
					"$(inherited)",
				);
				GCC_WARN_64_TO_32_BIT_CONVERSION = YES;
				GCC_WARN_ABOUT_RETURN_TYPE = YES_ERROR;
				GCC_WARN_UNDECLARED_SELECTOR = YES;
				GCC_WARN_UNINITIALIZED_AUTOS = YES_AGGRESSIVE;
				GCC_WARN_UNUSED_FUNCTION = YES;
				GCC_WARN_UNUSED_VARIABLE = YES;
				IPHONEOS_DEPLOYMENT_TARGET = 14.2;
				MTL_ENABLE_DEBUG_INFO = INCLUDE_SOURCE;
				MTL_FAST_MATH = YES;
				ONLY_ACTIVE_ARCH = YES;
				SDKROOT = iphoneos;
				SWIFT_ACTIVE_COMPILATION_CONDITIONS = DEBUG;
				SWIFT_OPTIMIZATION_LEVEL = "-Onone";
			};
			name = Debug;
		};
		3361260426042BFC007FC2CB /* Release */ = {
			isa = XCBuildConfiguration;
			buildSettings = {
				ALWAYS_SEARCH_USER_PATHS = NO;
				CLANG_ANALYZER_NONNULL = YES;
				CLANG_ANALYZER_NUMBER_OBJECT_CONVERSION = YES_AGGRESSIVE;
				CLANG_CXX_LANGUAGE_STANDARD = "gnu++14";
				CLANG_CXX_LIBRARY = "libc++";
				CLANG_ENABLE_MODULES = YES;
				CLANG_ENABLE_OBJC_ARC = YES;
				CLANG_ENABLE_OBJC_WEAK = YES;
				CLANG_WARN_BLOCK_CAPTURE_AUTORELEASING = YES;
				CLANG_WARN_BOOL_CONVERSION = YES;
				CLANG_WARN_COMMA = YES;
				CLANG_WARN_CONSTANT_CONVERSION = YES;
				CLANG_WARN_DEPRECATED_OBJC_IMPLEMENTATIONS = YES;
				CLANG_WARN_DIRECT_OBJC_ISA_USAGE = YES_ERROR;
				CLANG_WARN_DOCUMENTATION_COMMENTS = YES;
				CLANG_WARN_EMPTY_BODY = YES;
				CLANG_WARN_ENUM_CONVERSION = YES;
				CLANG_WARN_INFINITE_RECURSION = YES;
				CLANG_WARN_INT_CONVERSION = YES;
				CLANG_WARN_NON_LITERAL_NULL_CONVERSION = YES;
				CLANG_WARN_OBJC_IMPLICIT_RETAIN_SELF = YES;
				CLANG_WARN_OBJC_LITERAL_CONVERSION = YES;
				CLANG_WARN_OBJC_ROOT_CLASS = YES_ERROR;
				CLANG_WARN_QUOTED_INCLUDE_IN_FRAMEWORK_HEADER = YES;
				CLANG_WARN_RANGE_LOOP_ANALYSIS = YES;
				CLANG_WARN_STRICT_PROTOTYPES = YES;
				CLANG_WARN_SUSPICIOUS_MOVE = YES;
				CLANG_WARN_UNGUARDED_AVAILABILITY = YES_AGGRESSIVE;
				CLANG_WARN_UNREACHABLE_CODE = YES;
				CLANG_WARN__DUPLICATE_METHOD_MATCH = YES;
				COPY_PHASE_STRIP = NO;
				DEBUG_INFORMATION_FORMAT = "dwarf-with-dsym";
				ENABLE_NS_ASSERTIONS = NO;
				ENABLE_STRICT_OBJC_MSGSEND = YES;
				GCC_C_LANGUAGE_STANDARD = gnu11;
				GCC_NO_COMMON_BLOCKS = YES;
				GCC_WARN_64_TO_32_BIT_CONVERSION = YES;
				GCC_WARN_ABOUT_RETURN_TYPE = YES_ERROR;
				GCC_WARN_UNDECLARED_SELECTOR = YES;
				GCC_WARN_UNINITIALIZED_AUTOS = YES_AGGRESSIVE;
				GCC_WARN_UNUSED_FUNCTION = YES;
				GCC_WARN_UNUSED_VARIABLE = YES;
				IPHONEOS_DEPLOYMENT_TARGET = 14.2;
				MTL_ENABLE_DEBUG_INFO = NO;
				MTL_FAST_MATH = YES;
				SDKROOT = iphoneos;
				SWIFT_COMPILATION_MODE = wholemodule;
				SWIFT_OPTIMIZATION_LEVEL = "-O";
				VALIDATE_PRODUCT = YES;
			};
			name = Release;
		};
		3361260626042BFC007FC2CB /* Debug */ = {
			isa = XCBuildConfiguration;
			baseConfigurationReference = A07F2A7D55A5789F7E3D9F90 /* Pods-PureLayoutPlayground.debug.xcconfig */;
			buildSettings = {
				ASSETCATALOG_COMPILER_APPICON_NAME = AppIcon;
				ASSETCATALOG_COMPILER_GLOBAL_ACCENT_COLOR_NAME = AccentColor;
				CODE_SIGN_STYLE = Automatic;
				INFOPLIST_FILE = PureLayoutPlayground/Info.plist;
				LD_RUNPATH_SEARCH_PATHS = (
					"$(inherited)",
					"@executable_path/Frameworks",
				);
				PRODUCT_BUNDLE_IDENTIFIER = br.com.tramalho.PureLayoutPlayground;
				PRODUCT_NAME = "$(TARGET_NAME)";
				SWIFT_VERSION = 5.0;
				TARGETED_DEVICE_FAMILY = "1,2";
			};
			name = Debug;
		};
		3361260726042BFC007FC2CB /* Release */ = {
			isa = XCBuildConfiguration;
			baseConfigurationReference = 2606E2F650466B5EFF4AFC73 /* Pods-PureLayoutPlayground.release.xcconfig */;
			buildSettings = {
				ASSETCATALOG_COMPILER_APPICON_NAME = AppIcon;
				ASSETCATALOG_COMPILER_GLOBAL_ACCENT_COLOR_NAME = AccentColor;
				CODE_SIGN_STYLE = Automatic;
				INFOPLIST_FILE = PureLayoutPlayground/Info.plist;
				LD_RUNPATH_SEARCH_PATHS = (
					"$(inherited)",
					"@executable_path/Frameworks",
				);
				PRODUCT_BUNDLE_IDENTIFIER = br.com.tramalho.PureLayoutPlayground;
				PRODUCT_NAME = "$(TARGET_NAME)";
				SWIFT_VERSION = 5.0;
				TARGETED_DEVICE_FAMILY = "1,2";
			};
			name = Release;
		};
/* End XCBuildConfiguration section */

/* Begin XCConfigurationList section */
		336125EC26042BFB007FC2CB /* Build configuration list for PBXProject "PureLayoutPlayground" */ = {
			isa = XCConfigurationList;
			buildConfigurations = (
				3361260326042BFC007FC2CB /* Debug */,
				3361260426042BFC007FC2CB /* Release */,
			);
			defaultConfigurationIsVisible = 0;
			defaultConfigurationName = Release;
		};
		3361260526042BFC007FC2CB /* Build configuration list for PBXNativeTarget "PureLayoutPlayground" */ = {
			isa = XCConfigurationList;
			buildConfigurations = (
				3361260626042BFC007FC2CB /* Debug */,
				3361260726042BFC007FC2CB /* Release */,
			);
			defaultConfigurationIsVisible = 0;
			defaultConfigurationName = Release;
		};
/* End XCConfigurationList section */
	};
	rootObject = 336125E926042BFB007FC2CB /* Project object */;
}
